// !$*UTF8*$!
{
	archiveVersion = 1;
	classes = {
	};
	objectVersion = 51;
	objects = {

/* Begin PBXBuildFile section */
		10197BB825F6496100432A17 /* LocationAccssViewController.swift in Sources */ = {isa = PBXBuildFile; fileRef = 10197BB725F6496100432A17 /* LocationAccssViewController.swift */; };
		10197BBB25F661D500432A17 /* TabBarViewController.swift in Sources */ = {isa = PBXBuildFile; fileRef = 10197BBA25F661D500432A17 /* TabBarViewController.swift */; };
		10EA276C25F3796200915ED6 /* AppDelegate.swift in Sources */ = {isa = PBXBuildFile; fileRef = 10EA276B25F3796200915ED6 /* AppDelegate.swift */; };
		10EA276E25F3796200915ED6 /* SceneDelegate.swift in Sources */ = {isa = PBXBuildFile; fileRef = 10EA276D25F3796200915ED6 /* SceneDelegate.swift */; };
		10EA277025F3796200915ED6 /* ViewController.swift in Sources */ = {isa = PBXBuildFile; fileRef = 10EA276F25F3796200915ED6 /* ViewController.swift */; };
		10EA277325F3796200915ED6 /* Main.storyboard in Resources */ = {isa = PBXBuildFile; fileRef = 10EA277125F3796200915ED6 /* Main.storyboard */; };
		10EA277525F3796300915ED6 /* Assets.xcassets in Resources */ = {isa = PBXBuildFile; fileRef = 10EA277425F3796300915ED6 /* Assets.xcassets */; };
		10EA277825F3796300915ED6 /* LaunchScreen.storyboard in Resources */ = {isa = PBXBuildFile; fileRef = 10EA277625F3796300915ED6 /* LaunchScreen.storyboard */; };
		10EA279825F37E4500915ED6 /* GoogleService-Info.plist in Resources */ = {isa = PBXBuildFile; fileRef = 10EA279725F37E4500915ED6 /* GoogleService-Info.plist */; };
		10F866E225F4FFEA00B79BCA /* AccountBL.swift in Sources */ = {isa = PBXBuildFile; fileRef = 10F866DF25F4FFEA00B79BCA /* AccountBL.swift */; };
		10F866E325F4FFEA00B79BCA /* CustomerBL.swift in Sources */ = {isa = PBXBuildFile; fileRef = 10F866E125F4FFEA00B79BCA /* CustomerBL.swift */; };
		10F866E425F4FFEA00B79BCA /* TestBL.swift in Sources */ = {isa = PBXBuildFile; fileRef = 10F866E025F4FFEA00B79BCA /* TestBL.swift */; };
		10F866E825F5000A00B79BCA /* LoginViewController.swift in Sources */ = {isa = PBXBuildFile; fileRef = 10F866E625F5000900B79BCA /* LoginViewController.swift */; };
		10F866EC25F5001F00B79BCA /* CreateAccountViewController.swift in Sources */ = {isa = PBXBuildFile; fileRef = 10F866EB25F5001F00B79BCA /* CreateAccountViewController.swift */; };
		10F866EF25F5002400B79BCA /* TestModel.swift in Sources */ = {isa = PBXBuildFile; fileRef = 10F866EE25F5002400B79BCA /* TestModel.swift */; };
		10F866F825F5010300B79BCA /* UserModel.swift in Sources */ = {isa = PBXBuildFile; fileRef = 10F866F725F5010300B79BCA /* UserModel.swift */; };
		10F866FC25F5053B00B79BCA /* Validation.swift in Sources */ = {isa = PBXBuildFile; fileRef = 10F866FB25F5053B00B79BCA /* Validation.swift */; };
		FBE08032101E3A20C0BA097E /* libPods-IOSApp.a in Frameworks */ = {isa = PBXBuildFile; fileRef = 65920FA131DADC68D7489073 /* libPods-IOSApp.a */; };
/* End PBXBuildFile section */

/* Begin PBXFileReference section */
		10197BB725F6496100432A17 /* LocationAccssViewController.swift */ = {isa = PBXFileReference; lastKnownFileType = sourcecode.swift; path = LocationAccssViewController.swift; sourceTree = "<group>"; };
		10197BBA25F661D500432A17 /* TabBarViewController.swift */ = {isa = PBXFileReference; lastKnownFileType = sourcecode.swift; path = TabBarViewController.swift; sourceTree = "<group>"; };
		10EA276825F3796200915ED6 /* IOSApp.app */ = {isa = PBXFileReference; explicitFileType = wrapper.application; includeInIndex = 0; path = IOSApp.app; sourceTree = BUILT_PRODUCTS_DIR; };
		10EA276B25F3796200915ED6 /* AppDelegate.swift */ = {isa = PBXFileReference; lastKnownFileType = sourcecode.swift; path = AppDelegate.swift; sourceTree = "<group>"; };
		10EA276D25F3796200915ED6 /* SceneDelegate.swift */ = {isa = PBXFileReference; lastKnownFileType = sourcecode.swift; path = SceneDelegate.swift; sourceTree = "<group>"; };
		10EA276F25F3796200915ED6 /* ViewController.swift */ = {isa = PBXFileReference; lastKnownFileType = sourcecode.swift; path = ViewController.swift; sourceTree = "<group>"; };
		10EA277225F3796200915ED6 /* Base */ = {isa = PBXFileReference; lastKnownFileType = file.storyboard; name = Base; path = Base.lproj/Main.storyboard; sourceTree = "<group>"; };
		10EA277425F3796300915ED6 /* Assets.xcassets */ = {isa = PBXFileReference; lastKnownFileType = folder.assetcatalog; path = Assets.xcassets; sourceTree = "<group>"; };
		10EA277725F3796300915ED6 /* Base */ = {isa = PBXFileReference; lastKnownFileType = file.storyboard; name = Base; path = Base.lproj/LaunchScreen.storyboard; sourceTree = "<group>"; };
		10EA277925F3796300915ED6 /* Info.plist */ = {isa = PBXFileReference; lastKnownFileType = text.plist.xml; path = Info.plist; sourceTree = "<group>"; };
		10EA279725F37E4500915ED6 /* GoogleService-Info.plist */ = {isa = PBXFileReference; fileEncoding = 4; lastKnownFileType = text.plist.xml; path = "GoogleService-Info.plist"; sourceTree = "<group>"; };
		10F866DF25F4FFEA00B79BCA /* AccountBL.swift */ = {isa = PBXFileReference; lastKnownFileType = sourcecode.swift; path = AccountBL.swift; sourceTree = "<group>"; };
		10F866E025F4FFEA00B79BCA /* TestBL.swift */ = {isa = PBXFileReference; lastKnownFileType = sourcecode.swift; path = TestBL.swift; sourceTree = "<group>"; };
		10F866E125F4FFEA00B79BCA /* CustomerBL.swift */ = {isa = PBXFileReference; lastKnownFileType = sourcecode.swift; path = CustomerBL.swift; sourceTree = "<group>"; };
		10F866E625F5000900B79BCA /* LoginViewController.swift */ = {isa = PBXFileReference; lastKnownFileType = sourcecode.swift; path = LoginViewController.swift; sourceTree = "<group>"; };
		10F866E725F5000A00B79BCA /* LoginViewController.xib */ = {isa = PBXFileReference; lastKnownFileType = file.xib; path = LoginViewController.xib; sourceTree = "<group>"; };
		10F866EB25F5001F00B79BCA /* CreateAccountViewController.swift */ = {isa = PBXFileReference; lastKnownFileType = sourcecode.swift; path = CreateAccountViewController.swift; sourceTree = "<group>"; };
		10F866EE25F5002400B79BCA /* TestModel.swift */ = {isa = PBXFileReference; lastKnownFileType = sourcecode.swift; path = TestModel.swift; sourceTree = "<group>"; };
		10F866F725F5010300B79BCA /* UserModel.swift */ = {isa = PBXFileReference; lastKnownFileType = sourcecode.swift; path = UserModel.swift; sourceTree = "<group>"; };
		10F866FB25F5053B00B79BCA /* Validation.swift */ = {isa = PBXFileReference; lastKnownFileType = sourcecode.swift; path = Validation.swift; sourceTree = "<group>"; };
		4C698CA2235A015CDBE86AE1 /* Pods-IOSApp.debug.xcconfig */ = {isa = PBXFileReference; includeInIndex = 1; lastKnownFileType = text.xcconfig; name = "Pods-IOSApp.debug.xcconfig"; path = "Target Support Files/Pods-IOSApp/Pods-IOSApp.debug.xcconfig"; sourceTree = "<group>"; };
		65920FA131DADC68D7489073 /* libPods-IOSApp.a */ = {isa = PBXFileReference; explicitFileType = archive.ar; includeInIndex = 0; path = "libPods-IOSApp.a"; sourceTree = BUILT_PRODUCTS_DIR; };
		D038EEE4F45035CCA4E0CB26 /* Pods-IOSApp.release.xcconfig */ = {isa = PBXFileReference; includeInIndex = 1; lastKnownFileType = text.xcconfig; name = "Pods-IOSApp.release.xcconfig"; path = "Target Support Files/Pods-IOSApp/Pods-IOSApp.release.xcconfig"; sourceTree = "<group>"; };
/* End PBXFileReference section */

/* Begin PBXFrameworksBuildPhase section */
		10EA276525F3796200915ED6 /* Frameworks */ = {
			isa = PBXFrameworksBuildPhase;
			buildActionMask = 2147483647;
			files = (
				FBE08032101E3A20C0BA097E /* libPods-IOSApp.a in Frameworks */,
			);
			runOnlyForDeploymentPostprocessing = 0;
		};
/* End PBXFrameworksBuildPhase section */

/* Begin PBXGroup section */
		10EA275F25F3796200915ED6 = {
			isa = PBXGroup;
			children = (
				10EA276A25F3796200915ED6 /* IOSApp */,
				10EA276925F3796200915ED6 /* Products */,
				F793B2D0B2101152E690A5AD /* Pods */,
				17FFA854286E79CBF949104A /* Frameworks */,
			);
			sourceTree = "<group>";
		};
		10EA276925F3796200915ED6 /* Products */ = {
			isa = PBXGroup;
			children = (
				10EA276825F3796200915ED6 /* IOSApp.app */,
			);
			name = Products;
			sourceTree = "<group>";
		};
		10EA276A25F3796200915ED6 /* IOSApp */ = {
			isa = PBXGroup;
			children = (
				10EA279725F37E4500915ED6 /* GoogleService-Info.plist */,
				10F866EE25F5002400B79BCA /* TestModel.swift */,
				10F866EB25F5001F00B79BCA /* CreateAccountViewController.swift */,
				10F866E625F5000900B79BCA /* LoginViewController.swift */,
				10F866E725F5000A00B79BCA /* LoginViewController.xib */,
				10EA276F25F3796200915ED6 /* ViewController.swift */,
				10F866DF25F4FFEA00B79BCA /* AccountBL.swift */,
				10F866E125F4FFEA00B79BCA /* CustomerBL.swift */,
				10F866E025F4FFEA00B79BCA /* TestBL.swift */,
				10EA276B25F3796200915ED6 /* AppDelegate.swift */,
				10EA276D25F3796200915ED6 /* SceneDelegate.swift */,
				10EA277125F3796200915ED6 /* Main.storyboard */,
				10EA277425F3796300915ED6 /* Assets.xcassets */,
				10EA277625F3796300915ED6 /* LaunchScreen.storyboard */,
				10EA277925F3796300915ED6 /* Info.plist */,
				10F866F725F5010300B79BCA /* UserModel.swift */,
				10F866FB25F5053B00B79BCA /* Validation.swift */,
				10197BB725F6496100432A17 /* LocationAccssViewController.swift */,
				10197BBA25F661D500432A17 /* TabBarViewController.swift */,
			);
			path = IOSApp;
			sourceTree = "<group>";
		};
		17FFA854286E79CBF949104A /* Frameworks */ = {
			isa = PBXGroup;
			children = (
				65920FA131DADC68D7489073 /* libPods-IOSApp.a */,
			);
			name = Frameworks;
			sourceTree = "<group>";
		};
		F793B2D0B2101152E690A5AD /* Pods */ = {
			isa = PBXGroup;
			children = (
				4C698CA2235A015CDBE86AE1 /* Pods-IOSApp.debug.xcconfig */,
				D038EEE4F45035CCA4E0CB26 /* Pods-IOSApp.release.xcconfig */,
			);
			path = Pods;
			sourceTree = "<group>";
		};
/* End PBXGroup section */

/* Begin PBXNativeTarget section */
		10EA276725F3796200915ED6 /* IOSApp */ = {
			isa = PBXNativeTarget;
			buildConfigurationList = 10EA277C25F3796300915ED6 /* Build configuration list for PBXNativeTarget "IOSApp" */;
			buildPhases = (
				6FE97603F9C237E52160BE35 /* [CP] Check Pods Manifest.lock */,
				10EA276425F3796200915ED6 /* Sources */,
				10EA276525F3796200915ED6 /* Frameworks */,
				10EA276625F3796200915ED6 /* Resources */,
				0AF97493806AC545E0360372 /* [CP] Copy Pods Resources */,
			);
			buildRules = (
			);
			dependencies = (
			);
			name = IOSApp;
			productName = IOSApp;
			productReference = 10EA276825F3796200915ED6 /* IOSApp.app */;
			productType = "com.apple.product-type.application";
		};
/* End PBXNativeTarget section */

/* Begin PBXProject section */
		10EA276025F3796200915ED6 /* Project object */ = {
			isa = PBXProject;
			attributes = {
				LastSwiftUpdateCheck = 1240;
				LastUpgradeCheck = 1240;
				TargetAttributes = {
					10EA276725F3796200915ED6 = {
						CreatedOnToolsVersion = 12.4;
					};
				};
			};
			buildConfigurationList = 10EA276325F3796200915ED6 /* Build configuration list for PBXProject "IOSApp" */;
			compatibilityVersion = "Xcode 9.3";
			developmentRegion = en;
			hasScannedForEncodings = 0;
			knownRegions = (
				en,
				Base,
			);
			mainGroup = 10EA275F25F3796200915ED6;
			productRefGroup = 10EA276925F3796200915ED6 /* Products */;
			projectDirPath = "";
			projectRoot = "";
			targets = (
				10EA276725F3796200915ED6 /* IOSApp */,
			);
		};
/* End PBXProject section */

/* Begin PBXResourcesBuildPhase section */
		10EA276625F3796200915ED6 /* Resources */ = {
			isa = PBXResourcesBuildPhase;
			buildActionMask = 2147483647;
			files = (
				10EA277825F3796300915ED6 /* LaunchScreen.storyboard in Resources */,
				10EA279825F37E4500915ED6 /* GoogleService-Info.plist in Resources */,
				10EA277525F3796300915ED6 /* Assets.xcassets in Resources */,
				10EA277325F3796200915ED6 /* Main.storyboard in Resources */,
			);
			runOnlyForDeploymentPostprocessing = 0;
		};
/* End PBXResourcesBuildPhase section */

/* Begin PBXShellScriptBuildPhase section */
		0AF97493806AC545E0360372 /* [CP] Copy Pods Resources */ = {
			isa = PBXShellScriptBuildPhase;
			buildActionMask = 2147483647;
			files = (
			);
			inputFileListPaths = (
				"${PODS_ROOT}/Target Support Files/Pods-IOSApp/Pods-IOSApp-resources-${CONFIGURATION}-input-files.xcfilelist",
			);
			name = "[CP] Copy Pods Resources";
			outputFileListPaths = (
				"${PODS_ROOT}/Target Support Files/Pods-IOSApp/Pods-IOSApp-resources-${CONFIGURATION}-output-files.xcfilelist",
			);
			runOnlyForDeploymentPostprocessing = 0;
			shellPath = /bin/sh;
			shellScript = "\"${PODS_ROOT}/Target Support Files/Pods-IOSApp/Pods-IOSApp-resources.sh\"\n";
			showEnvVarsInLog = 0;
		};
		6FE97603F9C237E52160BE35 /* [CP] Check Pods Manifest.lock */ = {
			isa = PBXShellScriptBuildPhase;
			buildActionMask = 2147483647;
			files = (
			);
			inputFileListPaths = (
			);
			inputPaths = (
				"${PODS_PODFILE_DIR_PATH}/Podfile.lock",
				"${PODS_ROOT}/Manifest.lock",
			);
			name = "[CP] Check Pods Manifest.lock";
			outputFileListPaths = (
			);
			outputPaths = (
				"$(DERIVED_FILE_DIR)/Pods-IOSApp-checkManifestLockResult.txt",
			);
			runOnlyForDeploymentPostprocessing = 0;
			shellPath = /bin/sh;
			shellScript = "diff \"${PODS_PODFILE_DIR_PATH}/Podfile.lock\" \"${PODS_ROOT}/Manifest.lock\" > /dev/null\nif [ $? != 0 ] ; then\n    # print error to STDERR\n    echo \"error: The sandbox is not in sync with the Podfile.lock. Run 'pod install' or update your CocoaPods installation.\" >&2\n    exit 1\nfi\n# This output is used by Xcode 'outputs' to avoid re-running this script phase.\necho \"SUCCESS\" > \"${SCRIPT_OUTPUT_FILE_0}\"\n";
			showEnvVarsInLog = 0;
		};
/* End PBXShellScriptBuildPhase section */

/* Begin PBXSourcesBuildPhase section */
		10EA276425F3796200915ED6 /* Sources */ = {
			isa = PBXSourcesBuildPhase;
			buildActionMask = 2147483647;
			files = (
				10F866E825F5000A00B79BCA /* LoginViewController.swift in Sources */,
				10F866E325F4FFEA00B79BCA /* CustomerBL.swift in Sources */,
				10F866FC25F5053B00B79BCA /* Validation.swift in Sources */,
				10EA277025F3796200915ED6 /* ViewController.swift in Sources */,
				10EA276C25F3796200915ED6 /* AppDelegate.swift in Sources */,
				10F866E425F4FFEA00B79BCA /* TestBL.swift in Sources */,
				10F866EC25F5001F00B79BCA /* CreateAccountViewController.swift in Sources */,
				10F866EF25F5002400B79BCA /* TestModel.swift in Sources */,
				10EA276E25F3796200915ED6 /* SceneDelegate.swift in Sources */,
				10F866E225F4FFEA00B79BCA /* AccountBL.swift in Sources */,
				10197BBB25F661D500432A17 /* TabBarViewController.swift in Sources */,
				10F866F825F5010300B79BCA /* UserModel.swift in Sources */,
				10197BB825F6496100432A17 /* LocationAccssViewController.swift in Sources */,
			);
			runOnlyForDeploymentPostprocessing = 0;
		};
/* End PBXSourcesBuildPhase section */

/* Begin PBXVariantGroup section */
		10EA277125F3796200915ED6 /* Main.storyboard */ = {
			isa = PBXVariantGroup;
			children = (
				10EA277225F3796200915ED6 /* Base */,
			);
			name = Main.storyboard;
			sourceTree = "<group>";
		};
		10EA277625F3796300915ED6 /* LaunchScreen.storyboard */ = {
			isa = PBXVariantGroup;
			children = (
				10EA277725F3796300915ED6 /* Base */,
			);
			name = LaunchScreen.storyboard;
			sourceTree = "<group>";
		};
/* End PBXVariantGroup section */

/* Begin XCBuildConfiguration section */
		10EA277A25F3796300915ED6 /* Debug */ = {
			isa = XCBuildConfiguration;
			buildSettings = {
				ALWAYS_SEARCH_USER_PATHS = NO;
				CLANG_ANALYZER_NONNULL = YES;
				CLANG_ANALYZER_NUMBER_OBJECT_CONVERSION = YES_AGGRESSIVE;
				CLANG_CXX_LANGUAGE_STANDARD = "gnu++14";
				CLANG_CXX_LIBRARY = "libc++";
				CLANG_ENABLE_MODULES = YES;
				CLANG_ENABLE_OBJC_ARC = YES;
				CLANG_ENABLE_OBJC_WEAK = YES;
				CLANG_WARN_BLOCK_CAPTURE_AUTORELEASING = YES;
				CLANG_WARN_BOOL_CONVERSION = YES;
				CLANG_WARN_COMMA = YES;
				CLANG_WARN_CONSTANT_CONVERSION = YES;
				CLANG_WARN_DEPRECATED_OBJC_IMPLEMENTATIONS = YES;
				CLANG_WARN_DIRECT_OBJC_ISA_USAGE = YES_ERROR;
				CLANG_WARN_DOCUMENTATION_COMMENTS = YES;
				CLANG_WARN_EMPTY_BODY = YES;
				CLANG_WARN_ENUM_CONVERSION = YES;
				CLANG_WARN_INFINITE_RECURSION = YES;
				CLANG_WARN_INT_CONVERSION = YES;
				CLANG_WARN_NON_LITERAL_NULL_CONVERSION = YES;
				CLANG_WARN_OBJC_IMPLICIT_RETAIN_SELF = YES;
				CLANG_WARN_OBJC_LITERAL_CONVERSION = YES;
				CLANG_WARN_OBJC_ROOT_CLASS = YES_ERROR;
				CLANG_WARN_QUOTED_INCLUDE_IN_FRAMEWORK_HEADER = YES;
				CLANG_WARN_RANGE_LOOP_ANALYSIS = YES;
				CLANG_WARN_STRICT_PROTOTYPES = YES;
				CLANG_WARN_SUSPICIOUS_MOVE = YES;
				CLANG_WARN_UNGUARDED_AVAILABILITY = YES_AGGRESSIVE;
				CLANG_WARN_UNREACHABLE_CODE = YES;
				CLANG_WARN__DUPLICATE_METHOD_MATCH = YES;
				COPY_PHASE_STRIP = NO;
				DEBUG_INFORMATION_FORMAT = dwarf;
				ENABLE_STRICT_OBJC_MSGSEND = YES;
				ENABLE_TESTABILITY = YES;
				GCC_C_LANGUAGE_STANDARD = gnu11;
				GCC_DYNAMIC_NO_PIC = NO;
				GCC_NO_COMMON_BLOCKS = YES;
				GCC_OPTIMIZATION_LEVEL = 0;
				GCC_PREPROCESSOR_DEFINITIONS = (
					"DEBUG=1",
					"$(inherited)",
				);
				GCC_WARN_64_TO_32_BIT_CONVERSION = YES;
				GCC_WARN_ABOUT_RETURN_TYPE = YES_ERROR;
				GCC_WARN_UNDECLARED_SELECTOR = YES;
				GCC_WARN_UNINITIALIZED_AUTOS = YES_AGGRESSIVE;
				GCC_WARN_UNUSED_FUNCTION = YES;
				GCC_WARN_UNUSED_VARIABLE = YES;
				IPHONEOS_DEPLOYMENT_TARGET = 14.4;
				MTL_ENABLE_DEBUG_INFO = INCLUDE_SOURCE;
				MTL_FAST_MATH = YES;
				ONLY_ACTIVE_ARCH = YES;
				SDKROOT = iphoneos;
				SWIFT_ACTIVE_COMPILATION_CONDITIONS = DEBUG;
				SWIFT_OPTIMIZATION_LEVEL = "-Onone";
			};
			name = Debug;
		};
		10EA277B25F3796300915ED6 /* Release */ = {
			isa = XCBuildConfiguration;
			buildSettings = {
				ALWAYS_SEARCH_USER_PATHS = NO;
				CLANG_ANALYZER_NONNULL = YES;
				CLANG_ANALYZER_NUMBER_OBJECT_CONVERSION = YES_AGGRESSIVE;
				CLANG_CXX_LANGUAGE_STANDARD = "gnu++14";
				CLANG_CXX_LIBRARY = "libc++";
				CLANG_ENABLE_MODULES = YES;
				CLANG_ENABLE_OBJC_ARC = YES;
				CLANG_ENABLE_OBJC_WEAK = YES;
				CLANG_WARN_BLOCK_CAPTURE_AUTORELEASING = YES;
				CLANG_WARN_BOOL_CONVERSION = YES;
				CLANG_WARN_COMMA = YES;
				CLANG_WARN_CONSTANT_CONVERSION = YES;
				CLANG_WARN_DEPRECATED_OBJC_IMPLEMENTATIONS = YES;
				CLANG_WARN_DIRECT_OBJC_ISA_USAGE = YES_ERROR;
				CLANG_WARN_DOCUMENTATION_COMMENTS = YES;
				CLANG_WARN_EMPTY_BODY = YES;
				CLANG_WARN_ENUM_CONVERSION = YES;
				CLANG_WARN_INFINITE_RECURSION = YES;
				CLANG_WARN_INT_CONVERSION = YES;
				CLANG_WARN_NON_LITERAL_NULL_CONVERSION = YES;
				CLANG_WARN_OBJC_IMPLICIT_RETAIN_SELF = YES;
				CLANG_WARN_OBJC_LITERAL_CONVERSION = YES;
				CLANG_WARN_OBJC_ROOT_CLASS = YES_ERROR;
				CLANG_WARN_QUOTED_INCLUDE_IN_FRAMEWORK_HEADER = YES;
				CLANG_WARN_RANGE_LOOP_ANALYSIS = YES;
				CLANG_WARN_STRICT_PROTOTYPES = YES;
				CLANG_WARN_SUSPICIOUS_MOVE = YES;
				CLANG_WARN_UNGUARDED_AVAILABILITY = YES_AGGRESSIVE;
				CLANG_WARN_UNREACHABLE_CODE = YES;
				CLANG_WARN__DUPLICATE_METHOD_MATCH = YES;
				COPY_PHASE_STRIP = NO;
				DEBUG_INFORMATION_FORMAT = "dwarf-with-dsym";
				ENABLE_NS_ASSERTIONS = NO;
				ENABLE_STRICT_OBJC_MSGSEND = YES;
				GCC_C_LANGUAGE_STANDARD = gnu11;
				GCC_NO_COMMON_BLOCKS = YES;
				GCC_WARN_64_TO_32_BIT_CONVERSION = YES;
				GCC_WARN_ABOUT_RETURN_TYPE = YES_ERROR;
				GCC_WARN_UNDECLARED_SELECTOR = YES;
				GCC_WARN_UNINITIALIZED_AUTOS = YES_AGGRESSIVE;
				GCC_WARN_UNUSED_FUNCTION = YES;
				GCC_WARN_UNUSED_VARIABLE = YES;
				IPHONEOS_DEPLOYMENT_TARGET = 14.4;
				MTL_ENABLE_DEBUG_INFO = NO;
				MTL_FAST_MATH = YES;
				SDKROOT = iphoneos;
				SWIFT_COMPILATION_MODE = wholemodule;
				SWIFT_OPTIMIZATION_LEVEL = "-O";
				VALIDATE_PRODUCT = YES;
			};
			name = Release;
		};
		10EA277D25F3796300915ED6 /* Debug */ = {
			isa = XCBuildConfiguration;
			baseConfigurationReference = 4C698CA2235A015CDBE86AE1 /* Pods-IOSApp.debug.xcconfig */;
			buildSettings = {
				ASSETCATALOG_COMPILER_APPICON_NAME = AppIcon;
				ASSETCATALOG_COMPILER_GLOBAL_ACCENT_COLOR_NAME = AccentColor;
				CODE_SIGN_STYLE = Automatic;
				DEVELOPMENT_TEAM = N9YCJMAX2L;
				INFOPLIST_FILE = IOSApp/Info.plist;
				LD_RUNPATH_SEARCH_PATHS = (
					"$(inherited)",
					"@executable_path/Frameworks",
				);
				PRODUCT_BUNDLE_IDENTIFIER = costa.IOSAppNIBMCafe;
				PRODUCT_NAME = "$(TARGET_NAME)";
				SWIFT_VERSION = 5.0;
				TARGETED_DEVICE_FAMILY = "1,2";
			};
			name = Debug;
		};
		10EA277E25F3796300915ED6 /* Release */ = {
			isa = XCBuildConfiguration;
			baseConfigurationReference = D038EEE4F45035CCA4E0CB26 /* Pods-IOSApp.release.xcconfig */;
			buildSettings = {
				ASSETCATALOG_COMPILER_APPICON_NAME = AppIcon;
				ASSETCATALOG_COMPILER_GLOBAL_ACCENT_COLOR_NAME = AccentColor;
				CODE_SIGN_STYLE = Automatic;
				DEVELOPMENT_TEAM = N9YCJMAX2L;
				INFOPLIST_FILE = IOSApp/Info.plist;
				LD_RUNPATH_SEARCH_PATHS = (
					"$(inherited)",
					"@executable_path/Frameworks",
				);
				PRODUCT_BUNDLE_IDENTIFIER = costa.IOSAppNIBMCafe;
				PRODUCT_NAME = "$(TARGET_NAME)";
				SWIFT_VERSION = 5.0;
				TARGETED_DEVICE_FAMILY = "1,2";
			};
			name = Release;
		};
/* End XCBuildConfiguration section */

/* Begin XCConfigurationList section */
		10EA276325F3796200915ED6 /* Build configuration list for PBXProject "IOSApp" */ = {
			isa = XCConfigurationList;
			buildConfigurations = (
				10EA277A25F3796300915ED6 /* Debug */,
				10EA277B25F3796300915ED6 /* Release */,
			);
			defaultConfigurationIsVisible = 0;
			defaultConfigurationName = Release;
		};
		10EA277C25F3796300915ED6 /* Build configuration list for PBXNativeTarget "IOSApp" */ = {
			isa = XCConfigurationList;
			buildConfigurations = (
				10EA277D25F3796300915ED6 /* Debug */,
				10EA277E25F3796300915ED6 /* Release */,
			);
			defaultConfigurationIsVisible = 0;
			defaultConfigurationName = Release;
		};
/* End XCConfigurationList section */
	};
	rootObject = 10EA276025F3796200915ED6 /* Project object */;
}
